
Microsoft Visual Studio Solution File, Format Version 12.00
# Visual Studio Version 17
VisualStudioVersion = 17.14.36717.8 d17.14
MinimumVisualStudioVersion = 10.0.40219.1
Project("{FAE04EC0-301F-11D3-BF4B-00C04F79EFBC}") = "WishlistExtendedServer", "WishlistExtendedServer\WishlistExtendedServer.csproj", "{1D28880D-A6FA-484A-A9F1-979A244EC862}"
EndProject
Project("{FAE04EC0-301F-11D3-BF4B-00C04F79EFBC}") = "WishlistExtendedClient", "WishlistExtendedClient\WishlistExtendedClient.csproj", "{0C0577D7-04FE-48D9-A966-D327819B7846}"
EndProject
Global
	GlobalSection(SolutionConfigurationPlatforms) = preSolution
		Debug|Any CPU = Debug|Any CPU
		Release|Any CPU = Release|Any CPU
	EndGlobalSection
	GlobalSection(ProjectConfigurationPlatforms) = postSolution
		{1D28880D-A6FA-484A-A9F1-979A244EC862}.Debug|Any CPU.ActiveCfg = Debug|Any CPU
		{1D28880D-A6FA-484A-A9F1-979A244EC862}.Debug|Any CPU.Build.0 = Debug|Any CPU
		{1D28880D-A6FA-484A-A9F1-979A244EC862}.Release|Any CPU.ActiveCfg = Release|Any CPU
		{1D28880D-A6FA-484A-A9F1-979A244EC862}.Release|Any CPU.Build.0 = Release|Any CPU
		{0C0577D7-04FE-48D9-A966-D327819B7846}.Debug|Any CPU.ActiveCfg = Debug|Any CPU
		{0C0577D7-04FE-48D9-A966-D327819B7846}.Debug|Any CPU.Build.0 = Debug|Any CPU
		{0C0577D7-04FE-48D9-A966-D327819B7846}.Release|Any CPU.ActiveCfg = Release|Any CPU
		{0C0577D7-04FE-48D9-A966-D327819B7846}.Release|Any CPU.Build.0 = Release|Any CPU
	EndGlobalSection
	GlobalSection(SolutionProperties) = preSolution
		HideSolutionNode = FALSE
	EndGlobalSection
	GlobalSection(ExtensibilityGlobals) = postSolution
		SolutionGuid = {CD111EF0-1AD0-472C-B940-C9AD1AE49162}
	EndGlobalSection
EndGlobal
